Microsoft Visual Studio Solution File, Format Version 11.00
# Visual Studio 2008

Project("{0E7F2EBD-99E4-6F07-F500-27C36782BF04}") = "Basic2DGameStarter", "Assembly-CSharp-firstpass.csproj", "{DEB9F442-63C1-D3C0-F869-E4BEE0B9CF26}"
EndProject
Project("{0E7F2EBD-99E4-6F07-F500-27C36782BF04}") = "Basic2DGameStarter", "Assembly-UnityScript.unityproj", "{F645AF1C-7369-94B6-F0CB-51062507BE4C}"
EndProject
Global
	GlobalSection(SolutionConfigurationPlatforms) = preSolution
		Debug|Any CPU = Debug|Any CPU
		Release|Any CPU = Release|Any CPU
	EndGlobalSection
	GlobalSection(ProjectConfigurationPlatforms) = postSolution
		{DEB9F442-63C1-D3C0-F869-E4BEE0B9CF26}.Debug|Any CPU.ActiveCfg = Debug|Any CPU
		{DEB9F442-63C1-D3C0-F869-E4BEE0B9CF26}.Debug|Any CPU.Build.0 = Debug|Any CPU
		{DEB9F442-63C1-D3C0-F869-E4BEE0B9CF26}.Release|Any CPU.ActiveCfg = Release|Any CPU
		{DEB9F442-63C1-D3C0-F869-E4BEE0B9CF26}.Release|Any CPU.Build.0 = Release|Any CPU
		{F645AF1C-7369-94B6-F0CB-51062507BE4C}.Debug|Any CPU.ActiveCfg = Debug|Any CPU
		{F645AF1C-7369-94B6-F0CB-51062507BE4C}.Debug|Any CPU.Build.0 = Debug|Any CPU
		{F645AF1C-7369-94B6-F0CB-51062507BE4C}.Release|Any CPU.ActiveCfg = Release|Any CPU
		{F645AF1C-7369-94B6-F0CB-51062507BE4C}.Release|Any CPU.Build.0 = Release|Any CPU
	EndGlobalSection
	GlobalSection(SolutionProperties) = preSolution
		HideSolutionNode = FALSE
	EndGlobalSection
													GlobalSection(MonoDevelopProperties) = preSolution
		StartupItem = Assembly-CSharp.csproj
		Policies = $0
		$0.TextStylePolicy = $1
		$1.inheritsSet = null
		$1.scope = text/x-csharp
		$0.CSharpFormattingPolicy = $2
		$2.inheritsSet = Mono
		$2.inheritsScope = text/x-csharp
		$2.scope = text/x-csharp
		$0.TextStylePolicy = $3
		$3.FileWidth = 120
		$3.TabWidth = 4
		$3.IndentWidth = 4
		$3.EolMarker = Unix
		$3.inheritsSet = Mono
		$3.inheritsScope = text/plain
		$3.scope = text/plain
	EndGlobalSection

EndGlobal
