Microsoft Visual Studio Solution File, Format Version 11.00
# Visual Studio 2008

Project("{E69DCDDE-A81C-E100-0396-8398057155F4}") = "TheBox", "Assembly-CSharp.csproj", "{65B37B6A-C79E-1A13-7686-6B7A92309B01}"
EndProject
Global
	GlobalSection(SolutionConfigurationPlatforms) = preSolution
		Debug|Any CPU = Debug|Any CPU
		Release|Any CPU = Release|Any CPU
	EndGlobalSection
	GlobalSection(ProjectConfigurationPlatforms) = postSolution
		{65B37B6A-C79E-1A13-7686-6B7A92309B01}.Debug|Any CPU.ActiveCfg = Debug|Any CPU
		{65B37B6A-C79E-1A13-7686-6B7A92309B01}.Debug|Any CPU.Build.0 = Debug|Any CPU
		{65B37B6A-C79E-1A13-7686-6B7A92309B01}.Release|Any CPU.ActiveCfg = Release|Any CPU
		{65B37B6A-C79E-1A13-7686-6B7A92309B01}.Release|Any CPU.Build.0 = Release|Any CPU
	EndGlobalSection
	GlobalSection(SolutionProperties) = preSolution
		HideSolutionNode = FALSE
	EndGlobalSection
	GlobalSection(MonoDevelopProperties) = preSolution
		StartupItem = Assembly-CSharp.csproj
	EndGlobalSection
EndGlobal
