Microsoft Visual Studio Solution File, Format Version 11.00
# Visual Studio 2008

Project("{7C389BB0-EF61-BEE5-3A0A-BDA6B0B4038F}") = "AnimPrinciples", "Assembly-CSharp-firstpass-vs.csproj", "{E3BCD9F2-29B2-6673-5E87-B0BDAF36B28A}"
EndProject
Project("{7C389BB0-EF61-BEE5-3A0A-BDA6B0B4038F}") = "AnimPrinciples", "Assembly-CSharp-vs.csproj", "{2D3199A5-BDA1-54D9-42CE-419E5B62CEED}"
EndProject
Project("{7C389BB0-EF61-BEE5-3A0A-BDA6B0B4038F}") = "AnimPrinciples", "Assembly-CSharp-Editor-vs.csproj", "{3181FBEE-63E3-D856-76A4-15C998852005}"
EndProject
Global
	GlobalSection(SolutionConfigurationPlatforms) = preSolution
		Debug|Any CPU = Debug|Any CPU
		Release|Any CPU = Release|Any CPU
	EndGlobalSection
	GlobalSection(ProjectConfigurationPlatforms) = postSolution
		{E3BCD9F2-29B2-6673-5E87-B0BDAF36B28A}.Debug|Any CPU.ActiveCfg = Debug|Any CPU
		{E3BCD9F2-29B2-6673-5E87-B0BDAF36B28A}.Debug|Any CPU.Build.0 = Debug|Any CPU
		{E3BCD9F2-29B2-6673-5E87-B0BDAF36B28A}.Release|Any CPU.ActiveCfg = Release|Any CPU
		{E3BCD9F2-29B2-6673-5E87-B0BDAF36B28A}.Release|Any CPU.Build.0 = Release|Any CPU
		{2D3199A5-BDA1-54D9-42CE-419E5B62CEED}.Debug|Any CPU.ActiveCfg = Debug|Any CPU
		{2D3199A5-BDA1-54D9-42CE-419E5B62CEED}.Debug|Any CPU.Build.0 = Debug|Any CPU
		{2D3199A5-BDA1-54D9-42CE-419E5B62CEED}.Release|Any CPU.ActiveCfg = Release|Any CPU
		{2D3199A5-BDA1-54D9-42CE-419E5B62CEED}.Release|Any CPU.Build.0 = Release|Any CPU
		{3181FBEE-63E3-D856-76A4-15C998852005}.Debug|Any CPU.ActiveCfg = Debug|Any CPU
		{3181FBEE-63E3-D856-76A4-15C998852005}.Debug|Any CPU.Build.0 = Debug|Any CPU
		{3181FBEE-63E3-D856-76A4-15C998852005}.Release|Any CPU.ActiveCfg = Release|Any CPU
		{3181FBEE-63E3-D856-76A4-15C998852005}.Release|Any CPU.Build.0 = Release|Any CPU
	EndGlobalSection
	GlobalSection(SolutionProperties) = preSolution
		HideSolutionNode = FALSE
	EndGlobalSection
				GlobalSection(MonoDevelopProperties) = preSolution
		StartupItem = Assembly-CSharp.csproj
		Policies = $0
		$0.TextStylePolicy = $1
		$1.inheritsSet = null
		$1.scope = text/x-csharp
		$0.CSharpFormattingPolicy = $2
		$2.inheritsSet = Mono
		$2.inheritsScope = text/x-csharp
		$2.scope = text/x-csharp
		$0.TextStylePolicy = $3
		$3.FileWidth = 120
		$3.TabWidth = 4
		$3.IndentWidth = 4
		$3.EolMarker = Unix
		$3.inheritsSet = Mono
		$3.inheritsScope = text/plain
		$3.scope = text/plain
	EndGlobalSection

EndGlobal
